
Microsoft Visual Studio Solution File, Format Version 12.00
# Visual Studio Version 17
VisualStudioVersion = 17.0.31903.59
MinimumVisualStudioVersion = 10.0.40219.1
Project("{FAE04EC0-301F-11D3-BF4B-00C04F79EFBC}") = "ASPNET_MVC5_DEV_IO.Application", "src\ASPNET_MVC5_DEV_IO.Application\ASPNET_MVC5_DEV_IO.Application.csproj", "{E355E933-AFCD-41B9-B5E7-525318DA564B}"
EndProject
Project("{FAE04EC0-301F-11D3-BF4B-00C04F79EFBC}") = "ASP_NET_MVC5_DEV_IO.Business", "src\ASP_NET_MVC5_DEV_IO.Business\ASP_NET_MVC5_DEV_IO.Business.csproj", "{1329CED5-AC37-45CC-A88A-0C8E150C3F1C}"
EndProject
Project("{FAE04EC0-301F-11D3-BF4B-00C04F79EFBC}") = "ASP_NET_MVC5_DEV_IO.Infrastructure", "src\ASP_NET_MVC5_DEV_IO.Infrastructure\ASP_NET_MVC5_DEV_IO.Infrastructure.csproj", "{52541685-1639-4B69-A02C-726DA15567FB}"
EndProject
Global
	GlobalSection(SolutionConfigurationPlatforms) = preSolution
		Debug|Any CPU = Debug|Any CPU
		Release|Any CPU = Release|Any CPU
	EndGlobalSection
	GlobalSection(ProjectConfigurationPlatforms) = postSolution
		{E355E933-AFCD-41B9-B5E7-525318DA564B}.Debug|Any CPU.ActiveCfg = Debug|Any CPU
		{E355E933-AFCD-41B9-B5E7-525318DA564B}.Debug|Any CPU.Build.0 = Debug|Any CPU
		{E355E933-AFCD-41B9-B5E7-525318DA564B}.Release|Any CPU.ActiveCfg = Release|Any CPU
		{E355E933-AFCD-41B9-B5E7-525318DA564B}.Release|Any CPU.Build.0 = Release|Any CPU
		{1329CED5-AC37-45CC-A88A-0C8E150C3F1C}.Debug|Any CPU.ActiveCfg = Debug|Any CPU
		{1329CED5-AC37-45CC-A88A-0C8E150C3F1C}.Debug|Any CPU.Build.0 = Debug|Any CPU
		{1329CED5-AC37-45CC-A88A-0C8E150C3F1C}.Release|Any CPU.ActiveCfg = Release|Any CPU
		{1329CED5-AC37-45CC-A88A-0C8E150C3F1C}.Release|Any CPU.Build.0 = Release|Any CPU
		{52541685-1639-4B69-A02C-726DA15567FB}.Debug|Any CPU.ActiveCfg = Debug|Any CPU
		{52541685-1639-4B69-A02C-726DA15567FB}.Debug|Any CPU.Build.0 = Debug|Any CPU
		{52541685-1639-4B69-A02C-726DA15567FB}.Release|Any CPU.ActiveCfg = Release|Any CPU
		{52541685-1639-4B69-A02C-726DA15567FB}.Release|Any CPU.Build.0 = Release|Any CPU
	EndGlobalSection
	GlobalSection(SolutionProperties) = preSolution
		HideSolutionNode = FALSE
	EndGlobalSection
	GlobalSection(ExtensibilityGlobals) = postSolution
		SolutionGuid = {F3DAEDF1-D729-4918-B87F-7CDEF26835ED}
	EndGlobalSection
EndGlobal
